// !$*UTF8*$!
{
	archiveVersion = 1;
	classes = {
	};
	objectVersion = 56;
	objects = {

/* Begin PBXBuildFile section */
		0BCA00200000000000000001 /* OBCalculatorApp.swift in Sources */ = {isa = PBXBuildFile; fileRef = 0BCA00100000000000000001 /* OBCalculatorApp.swift */; };
		0BCA00200000000000000002 /* ContentView.swift in Sources */ = {isa = PBXBuildFile; fileRef = 0BCA00100000000000000002 /* ContentView.swift */; };
		0BCA00200000000000000004 /* Assets.xcassets in Resources */ = {isa = PBXBuildFile; fileRef = 0BCA00100000000000000004 /* Assets.xcassets */; };
		0BCA00200000000000000005 /* WebResources in Resources */ = {isa = PBXBuildFile; fileRef = 0BCA00100000000000000005 /* WebResources */; };
/* End PBXBuildFile section */

/* Begin PBXFileReference section */
		0BCA00100000000000000006 /* OBCalculator.app */ = {isa = PBXFileReference; explicitFileType = wrapper.application; includeInIndex = 0; path = OBCalculator.app; sourceTree = BUILT_PRODUCTS_DIR; };
		0BCA00100000000000000001 /* OBCalculatorApp.swift */ = {isa = PBXFileReference; lastKnownFileType = sourcecode.swift; path = OBCalculatorApp.swift; sourceTree = "<group>"; };
		0BCA00100000000000000002 /* ContentView.swift */ = {isa = PBXFileReference; lastKnownFileType = sourcecode.swift; path = ContentView.swift; sourceTree = "<group>"; };
		0BCA00100000000000000003 /* Info.plist */ = {isa = PBXFileReference; lastKnownFileType = text.plist.xml; path = Info.plist; sourceTree = "<group>"; };
		0BCA00100000000000000004 /* Assets.xcassets */ = {isa = PBXFileReference; lastKnownFileType = folder.assetcatalog; path = Assets.xcassets; sourceTree = "<group>"; };
		0BCA00100000000000000005 /* WebResources */ = {isa = PBXFileReference; lastKnownFileType = folder; path = WebResources; sourceTree = "<group>"; };
/* End PBXFileReference section */

/* Begin PBXFrameworksBuildPhase section */
		0BCA00300000000000000002 /* Frameworks */ = {
			isa = PBXFrameworksBuildPhase;
			buildActionMask = 2147483647;
			files = (
			);
			runOnlyForDeploymentPostprocessing = 0;
		};
/* End PBXFrameworksBuildPhase section */

/* Begin PBXGroup section */
		0BCA00030000000000000003 = {
			isa = PBXGroup;
			children = (
				0BCA00040000000000000004 /* OBCalculator */,
				0BCA00050000000000000005 /* Products */,
			);
			sourceTree = "<group>";
		};
		0BCA00040000000000000004 /* OBCalculator */ = {
			isa = PBXGroup;
			children = (
				0BCA00100000000000000001 /* OBCalculatorApp.swift */,
				0BCA00100000000000000002 /* ContentView.swift */,
				0BCA00100000000000000004 /* Assets.xcassets */,
				0BCA00100000000000000005 /* WebResources */,
				0BCA00100000000000000003 /* Info.plist */,
			);
			path = OBCalculator;
			sourceTree = "<group>";
		};
		0BCA00050000000000000005 /* Products */ = {
			isa = PBXGroup;
			children = (
				0BCA00100000000000000006 /* OBCalculator.app */,
			);
			name = Products;
			sourceTree = "<group>";
		};
/* End PBXGroup section */

/* Begin PBXNativeTarget section */
		0BCA00020000000000000002 /* OBCalculator */ = {
			isa = PBXNativeTarget;
			buildConfigurationList = 0BCA00400000000000000002 /* Build configuration list for PBXNativeTarget "OBCalculator" */;
			buildPhases = (
				0BCA00300000000000000001 /* Sources */,
				0BCA00300000000000000002 /* Frameworks */,
				0BCA00300000000000000003 /* Resources */,
			);
			buildRules = (
			);
			dependencies = (
			);
			name = OBCalculator;
			productName = OBCalculator;
			productReference = 0BCA00100000000000000006 /* OBCalculator.app */;
			productType = "com.apple.product-type.application";
		};
/* End PBXNativeTarget section */

/* Begin PBXProject section */
		0BCA00010000000000000001 /* Project object */ = {
			isa = PBXProject;
			attributes = {
				BuildIndependentTargetsInParallel = 1;
				LastSwiftUpdateCheck = 1600;
				LastUpgradeCheck = 1600;
				TargetAttributes = {
					0BCA00020000000000000002 = {
						CreatedOnToolsVersion = 16.0;
					};
				};
			};
			buildConfigurationList = 0BCA00400000000000000001 /* Build configuration list for PBXProject "OBCalculator" */;
			compatibilityVersion = "Xcode 14.0";
			developmentRegion = en;
			hasScannedForEncodings = 0;
			knownRegions = (
				en,
				Base,
			);
			mainGroup = 0BCA00030000000000000003;
			productRefGroup = 0BCA00050000000000000005 /* Products */;
			projectDirPath = "";
			projectRoot = "";
			targets = (
				0BCA00020000000000000002 /* OBCalculator */,
			);
		};
/* End PBXProject section */

/* Begin PBXResourcesBuildPhase section */
		0BCA00300000000000000003 /* Resources */ = {
			isa = PBXResourcesBuildPhase;
			buildActionMask = 2147483647;
			files = (
				0BCA00200000000000000004 /* Assets.xcassets in Resources */,
				0BCA00200000000000000005 /* WebResources in Resources */,
			);
			runOnlyForDeploymentPostprocessing = 0;
		};
/* End PBXResourcesBuildPhase section */

/* Begin PBXSourcesBuildPhase section */
		0BCA00300000000000000001 /* Sources */ = {
			isa = PBXSourcesBuildPhase;
			buildActionMask = 2147483647;
			files = (
				0BCA00200000000000000001 /* OBCalculatorApp.swift in Sources */,
				0BCA00200000000000000002 /* ContentView.swift in Sources */,
			);
			runOnlyForDeploymentPostprocessing = 0;
		};
/* End PBXSourcesBuildPhase section */

/* Begin XCBuildConfiguration section */
		0BCA00500000000000000001 /* Debug */ = {
			isa = XCBuildConfiguration;
			buildSettings = {
				ALWAYS_SEARCH_USER_PATHS = NO;
				ASSETCATALOG_COMPILER_GENERATE_SWIFT_ASSET_SYMBOL_EXTENSIONS = YES;
				CLANG_ANALYZER_NONNULL = YES;
				CLANG_CXX_LANGUAGE_STANDARD = "gnu++20";
				CLANG_ENABLE_MODULES = YES;
				CLANG_ENABLE_OBJC_ARC = YES;
				ENABLE_STRICT_OBJC_MSGSEND = YES;
				ENABLE_TESTABILITY = YES;
				GCC_DYNAMIC_NO_PIC = NO;
				GCC_NO_COMMON_BLOCKS = YES;
				GCC_OPTIMIZATION_LEVEL = 0;
				GCC_PREPROCESSOR_DEFINITIONS = (
					"DEBUG=1",
					"$(inherited)",
				);
				IPHONEOS_DEPLOYMENT_TARGET = 16.0;
				MTL_ENABLE_DEBUG_INFO = INCLUDE_SOURCE;
				MTL_FAST_MATH = YES;
				ONLY_ACTIVE_ARCH = YES;
				SDKROOT = iphoneos;
				SWIFT_ACTIVE_COMPILATION_CONDITIONS = "DEBUG $(inherited)";
				SWIFT_OPTIMIZATION_LEVEL = "-Onone";
			};
			name = Debug;
		};
		0BCA00500000000000000002 /* Release */ = {
			isa = XCBuildConfiguration;
			buildSettings = {
				ALWAYS_SEARCH_USER_PATHS = NO;
				ASSETCATALOG_COMPILER_GENERATE_SWIFT_ASSET_SYMBOL_EXTENSIONS = YES;
				CLANG_ANALYZER_NONNULL = YES;
				CLANG_CXX_LANGUAGE_STANDARD = "gnu++20";
				CLANG_ENABLE_MODULES = YES;
				CLANG_ENABLE_OBJC_ARC = YES;
				COPY_PHASE_STRIP = NO;
				ENABLE_NS_ASSERTIONS = NO;
				ENABLE_STRICT_OBJC_MSGSEND = YES;
				GCC_NO_COMMON_BLOCKS = YES;
				IPHONEOS_DEPLOYMENT_TARGET = 16.0;
				MTL_ENABLE_DEBUG_INFO = NO;
				MTL_FAST_MATH = YES;
				SDKROOT = iphoneos;
				SWIFT_COMPILATION_MODE = wholemodule;
				VALIDATE_PRODUCT = YES;
			};
			name = Release;
		};
		0BCA00500000000000000003 /* Debug */ = {
			isa = XCBuildConfiguration;
			buildSettings = {
				ASSETCATALOG_COMPILER_APPICON_NAME = AppIcon;
				ASSETCATALOG_COMPILER_GLOBAL_ACCENT_COLOR_NAME = AccentColor;
				CODE_SIGN_STYLE = Automatic;
				CURRENT_PROJECT_VERSION = 1;
				DEVELOPMENT_ASSET_PATHS = "";
				DEVELOPMENT_TEAM = 38VP8LYKGF;
				ENABLE_PREVIEWS = YES;
				GENERATE_INFOPLIST_FILE = NO;
				INFOPLIST_FILE = OBCalculator/Info.plist;
				INFOPLIST_KEY_CFBundleDisplayName = "產科計算機";
				IPHONEOS_DEPLOYMENT_TARGET = 16.0;
				LD_RUNPATH_SEARCH_PATHS = (
					"$(inherited)",
					"@executable_path/Frameworks",
				);
				MARKETING_VERSION = 1.0.0;
				PRODUCT_BUNDLE_IDENTIFIER = com.eddylo.obcalculator;
				PRODUCT_NAME = "$(TARGET_NAME)";
				SWIFT_EMIT_LOC_STRINGS = YES;
				SWIFT_VERSION = 5.0;
				TARGETED_DEVICE_FAMILY = "1,2";
			};
			name = Debug;
		};
		0BCA00500000000000000004 /* Release */ = {
			isa = XCBuildConfiguration;
			buildSettings = {
				ASSETCATALOG_COMPILER_APPICON_NAME = AppIcon;
				ASSETCATALOG_COMPILER_GLOBAL_ACCENT_COLOR_NAME = AccentColor;
				CODE_SIGN_STYLE = Automatic;
				CURRENT_PROJECT_VERSION = 1;
				DEVELOPMENT_ASSET_PATHS = "";
				DEVELOPMENT_TEAM = 38VP8LYKGF;
				ENABLE_PREVIEWS = YES;
				GENERATE_INFOPLIST_FILE = NO;
				INFOPLIST_FILE = OBCalculator/Info.plist;
				INFOPLIST_KEY_CFBundleDisplayName = "產科計算機";
				IPHONEOS_DEPLOYMENT_TARGET = 16.0;
				LD_RUNPATH_SEARCH_PATHS = (
					"$(inherited)",
					"@executable_path/Frameworks",
				);
				MARKETING_VERSION = 1.0.0;
				PRODUCT_BUNDLE_IDENTIFIER = com.eddylo.obcalculator;
				PRODUCT_NAME = "$(TARGET_NAME)";
				SWIFT_EMIT_LOC_STRINGS = YES;
				SWIFT_VERSION = 5.0;
				TARGETED_DEVICE_FAMILY = "1,2";
			};
			name = Release;
		};
/* End XCBuildConfiguration section */

/* Begin XCConfigurationList section */
		0BCA00400000000000000001 /* Build configuration list for PBXProject "OBCalculator" */ = {
			isa = XCConfigurationList;
			buildConfigurations = (
				0BCA00500000000000000001 /* Debug */,
				0BCA00500000000000000002 /* Release */,
			);
			defaultConfigurationIsVisible = 0;
			defaultConfigurationName = Release;
		};
		0BCA00400000000000000002 /* Build configuration list for PBXNativeTarget "OBCalculator" */ = {
			isa = XCConfigurationList;
			buildConfigurations = (
				0BCA00500000000000000003 /* Debug */,
				0BCA00500000000000000004 /* Release */,
			);
			defaultConfigurationIsVisible = 0;
			defaultConfigurationName = Release;
		};
/* End XCConfigurationList section */
	};
	rootObject = 0BCA00010000000000000001 /* Project object */;
}
